<?xml version="1.0" encoding="utf-8"?>
<Project ToolsVersion="12.0" xmlns="http://schemas.microsoft.com/developer/msbuild/2003">
  <ItemGroup>
    <ClCompile Include="src\Blam\BitStream.cpp">
      <Filter>Source Files\Blam</Filter>
    </ClCompile>
    <ClCompile Include="src\Blam\BlamInput.cpp">
      <Filter>Source Files\Blam</Filter>
    </ClCompile>
    <ClCompile Include="src\Blam\BlamNetwork.cpp">
      <Filter>Source Files\Blam</Filter>
    </ClCompile>
    <ClCompile Include="src\DirectXHook.cpp">
      <Filter>Source Files</Filter>
    </ClCompile>
    <ClCompile Include="src\Console\GameConsole.cpp">
      <Filter>Source Files\Console</Filter>
    </ClCompile>
    <ClCompile Include="src\Console\Queue.cpp">
      <Filter>Source Files\Console</Filter>
    </ClCompile>
    <ClCompile Include="src\Modules\ModuleBase.cpp">
      <Filter>Source Files\Modules</Filter>
    </ClCompile>
    <ClCompile Include="src\Modules\ModuleCamera.cpp">
      <Filter>Source Files\Modules</Filter>
    </ClCompile>
    <ClCompile Include="src\Modules\ModuleGame.cpp">
      <Filter>Source Files\Modules</Filter>
    </ClCompile>
    <ClCompile Include="src\Modules\ModuleInput.cpp">
      <Filter>Source Files\Modules</Filter>
    </ClCompile>
    <ClCompile Include="src\Modules\ModulePlayer.cpp">
      <Filter>Source Files\Modules</Filter>
    </ClCompile>
    <ClCompile Include="src\Modules\ModuleServer.cpp">
      <Filter>Source Files\Modules</Filter>
    </ClCompile>
    <ClCompile Include="src\Modules\ModuleSettings.cpp">
      <Filter>Source Files\Modules</Filter>
    </ClCompile>
    <ClCompile Include="src\Modules\ModuleVoIP.cpp">
      <Filter>Source Files\Modules</Filter>
    </ClCompile>
    <ClCompile Include="src\Modules\ModuleTime.cpp">
      <Filter>Source Files\Modules</Filter>
    </ClCompile>
    <ClCompile Include="src\Modules\ModuleGraphics.cpp">
      <Filter>Source Files\Modules</Filter>
    </ClCompile>
    <ClCompile Include="src\Patches\Armor.cpp">
      <Filter>Source Files\Patches</Filter>
    </ClCompile>
    <ClCompile Include="src\Patches\Assassination.cpp">
      <Filter>Source Files\Patches</Filter>
    </ClCompile>
    <ClCompile Include="src\Patches\ContentItems.cpp">
      <Filter>Source Files\Patches</Filter>
    </ClCompile>
    <ClCompile Include="src\Patches\CustomPackets.cpp">
      <Filter>Source Files\Patches</Filter>
    </ClCompile>
    <ClCompile Include="src\Patches\Core.cpp">
      <Filter>Source Files\Patches</Filter>
    </ClCompile>
    <ClCompile Include="src\Patches\Forge.cpp">
      <Filter>Source Files\Patches</Filter>
    </ClCompile>
    <ClCompile Include="src\Patches\Input.cpp">
      <Filter>Source Files\Patches</Filter>
    </ClCompile>
    <ClCompile Include="src\Patches\Logging.cpp">
      <Filter>Source Files\Patches</Filter>
    </ClCompile>
    <ClCompile Include="src\Patches\Mouse.cpp">
      <Filter>Source Files\Patches</Filter>
    </ClCompile>
    <ClCompile Include="src\Patches\Network.cpp">
      <Filter>Source Files\Patches</Filter>
    </ClCompile>
    <ClCompile Include="src\Patches\PlayerPropertiesExtension.cpp">
      <Filter>Source Files\Patches</Filter>
    </ClCompile>
    <ClCompile Include="src\Patches\PlayerUid.cpp">
      <Filter>Source Files\Patches</Filter>
    </ClCompile>
    <ClCompile Include="src\Patches\RawInputPatch.cpp">
      <Filter>Source Files\Patches</Filter>
    </ClCompile>
    <ClCompile Include="src\Patches\Scoreboard.cpp">
      <Filter>Source Files\Patches</Filter>
    </ClCompile>
    <ClCompile Include="src\Patches\Sprint.cpp">
      <Filter>Source Files\Patches</Filter>
    </ClCompile>
    <ClCompile Include="src\Patches\Ui.cpp">
      <Filter>Source Files\Patches</Filter>
    </ClCompile>
    <ClCompile Include="src\Patches\VirtualKeyboard.cpp">
      <Filter>Source Files\Patches</Filter>
    </ClCompile>
    <ClCompile Include="src\Server\BanList.cpp">
      <Filter>Source Files\Server</Filter>
    </ClCompile>
    <ClCompile Include="src\Server\ServerChat.cpp">
      <Filter>Source Files\Server</Filter>
    </ClCompile>
    <ClCompile Include="src\Server\VariableSynchronization.cpp">
      <Filter>Source Files\Server</Filter>
    </ClCompile>
    <ClCompile Include="src\ThirdParty\HttpRequest.cpp">
      <Filter>Source Files\ThirdParty</Filter>
    </ClCompile>
    <ClCompile Include="src\ThirdParty\WebSockets.cpp">
      <Filter>Source Files\ThirdParty</Filter>
    </ClCompile>
    <ClCompile Include="src\Utils\AntiSpeedHack.cpp">
      <Filter>Source Files\Utils</Filter>
    </ClCompile>
    <ClCompile Include="src\Utils\Assert.cpp">
      <Filter>Source Files\Utils</Filter>
    </ClCompile>
    <ClCompile Include="src\Utils\Cryptography.cpp">
      <Filter>Source Files\Utils</Filter>
    </ClCompile>
    <ClCompile Include="src\Utils\DebugLog.cpp">
      <Filter>Source Files\Utils</Filter>
    </ClCompile>
    <ClCompile Include="src\Utils\String.cpp">
      <Filter>Source Files\Utils</Filter>
    </ClCompile>
    <ClCompile Include="src\Utils\VersionInfo.cpp">
      <Filter>Source Files\Utils</Filter>
    </ClCompile>
    <ClCompile Include="src\VoIP\MemberList.cpp">
      <Filter>Source Files\VoIP</Filter>
    </ClCompile>
    <ClCompile Include="src\VoIP\TeamspeakClient.cpp">
      <Filter>Source Files\VoIP</Filter>
    </ClCompile>
    <ClCompile Include="src\VoIP\TeamspeakServer.cpp">
      <Filter>Source Files\VoIP</Filter>
    </ClCompile>
    <ClCompile Include="src\Menu.cpp">
      <Filter>Source Files</Filter>
    </ClCompile>
    <ClCompile Include="src\CommandMap.cpp">
      <Filter>Source Files</Filter>
    </ClCompile>
    <ClCompile Include="src\ElDorito.cpp">
      <Filter>Source Files</Filter>
    </ClCompile>
    <ClCompile Include="src\ElModules.cpp">
      <Filter>Source Files</Filter>
    </ClCompile>
    <ClCompile Include="src\ElPatches.cpp">
      <Filter>Source Files</Filter>
    </ClCompile>
    <ClCompile Include="src\main.cpp">
      <Filter>Source Files</Filter>
    </ClCompile>
    <ClCompile Include="src\Patch.cpp">
      <Filter>Source Files</Filter>
    </ClCompile>
    <ClCompile Include="src\Pointer.cpp">
      <Filter>Source Files</Filter>
    </ClCompile>
  </ItemGroup>
  <ItemGroup>
    <ClInclude Include="src\Blam\BitStream.hpp">
      <Filter>Header Files\Blam</Filter>
    </ClInclude>
    <ClInclude Include="src\Blam\BlamInput.hpp">
      <Filter>Header Files\Blam</Filter>
    </ClInclude>
    <ClInclude Include="src\Blam\BlamNetwork.hpp">
      <Filter>Header Files\Blam</Filter>
    </ClInclude>
    <ClInclude Include="src\Blam\BlamTypes.hpp">
      <Filter>Header Files\Blam</Filter>
    </ClInclude>
    <ClInclude Include="src\Blam\Tags\Tags.hpp">
      <Filter>Header Files\Blam\Tags</Filter>
    </ClInclude>
    <ClInclude Include="src\Blam\Tags\GameEngineSettingsDefinition.hpp">
      <Filter>Header Files\Blam\Tags</Filter>
    </ClInclude>
    <ClInclude Include="src\Blam\Tags\Scenario.hpp">
      <Filter>Header Files\Blam\Tags</Filter>
    </ClInclude>
    <ClInclude Include="src\DirectXHook.hpp">
      <Filter>Header Files</Filter>
    </ClInclude>
    <ClInclude Include="src\Console\GameConsole.hpp">
      <Filter>Header Files\Console</Filter>
    </ClInclude>
    <ClInclude Include="src\Console\Queue.hpp">
      <Filter>Header Files\Console</Filter>
    </ClInclude>
    <ClInclude Include="src\Modules\ModuleBase.hpp">
      <Filter>Header Files\Modules</Filter>
    </ClInclude>
    <ClInclude Include="src\Modules\ModuleCamera.hpp">
      <Filter>Header Files\Modules</Filter>
    </ClInclude>
    <ClInclude Include="src\Modules\ModuleGame.hpp">
      <Filter>Header Files\Modules</Filter>
    </ClInclude>
    <ClInclude Include="src\Modules\ModuleInput.hpp">
      <Filter>Header Files\Modules</Filter>
    </ClInclude>
    <ClInclude Include="src\Modules\ModulePlayer.hpp">
      <Filter>Header Files\Modules</Filter>
    </ClInclude>
    <ClInclude Include="src\Modules\ModuleServer.hpp">
      <Filter>Header Files\Modules</Filter>
    </ClInclude>
    <ClInclude Include="src\Modules\ModuleSettings.hpp">
      <Filter>Header Files\Modules</Filter>
    </ClInclude>
    <ClInclude Include="src\Modules\ModuleVoIP.hpp">
      <Filter>Header Files\Modules</Filter>
    </ClInclude>
    <ClInclude Include="src\Modules\ModuleTime.hpp">
      <Filter>Header Files\Modules</Filter>
    </ClInclude>
    <ClInclude Include="src\Modules\ModuleGraphics.hpp">
      <Filter>Header Files\Modules</Filter>
    </ClInclude>
    <ClInclude Include="src\Patches\Armor.hpp">
      <Filter>Header Files\Patches</Filter>
    </ClInclude>
    <ClInclude Include="src\Patches\Assassination.hpp">
      <Filter>Header Files\Patches</Filter>
    </ClInclude>
    <ClInclude Include="src\Patches\ContentItems.hpp">
      <Filter>Header Files\Patches</Filter>
    </ClInclude>
    <ClInclude Include="src\Patches\CustomPackets.hpp">
      <Filter>Header Files\Patches</Filter>
    </ClInclude>
    <ClInclude Include="src\Patches\Core.hpp">
      <Filter>Header Files\Patches</Filter>
    </ClInclude>
    <ClInclude Include="src\Patches\Forge.hpp">
      <Filter>Header Files\Patches</Filter>
    </ClInclude>
    <ClInclude Include="src\Patches\Input.hpp">
      <Filter>Header Files\Patches</Filter>
    </ClInclude>
    <ClInclude Include="src\Patches\Logging.hpp">
      <Filter>Header Files\Patches</Filter>
    </ClInclude>
    <ClInclude Include="src\Patches\Mouse.hpp">
      <Filter>Header Files\Patches</Filter>
    </ClInclude>
    <ClInclude Include="src\Patches\Network.hpp">
      <Filter>Header Files\Patches</Filter>
    </ClInclude>
    <ClInclude Include="src\Patches\PlayerPropertiesExtension.hpp">
      <Filter>Header Files\Patches</Filter>
    </ClInclude>
    <ClInclude Include="src\Patches\PlayerUid.hpp">
      <Filter>Header Files\Patches</Filter>
    </ClInclude>
    <ClInclude Include="src\Patches\RawInput.hpp">
      <Filter>Header Files\Patches</Filter>
    </ClInclude>
    <ClInclude Include="src\Patches\Scoreboard.hpp">
      <Filter>Header Files\Patches</Filter>
    </ClInclude>
    <ClInclude Include="src\Patches\Sprint.hpp">
      <Filter>Header Files\Patches</Filter>
    </ClInclude>
    <ClInclude Include="src\Patches\Ui.hpp">
      <Filter>Header Files\Patches</Filter>
    </ClInclude>
    <ClInclude Include="src\Patches\VirtualKeyboard.hpp">
      <Filter>Header Files\Patches</Filter>
    </ClInclude>
    <ClInclude Include="src\Server\BanList.hpp">
      <Filter>Header Files\Server</Filter>
    </ClInclude>
    <ClInclude Include="src\Server\ServerChat.hpp">
      <Filter>Header Files\Server</Filter>
    </ClInclude>
    <ClInclude Include="src\Server\VariableSynchronization.hpp">
      <Filter>Header Files\Server</Filter>
    </ClInclude>
    <ClInclude Include="src\ThirdParty\dirent.h">
      <Filter>Header Files\ThirdParty</Filter>
    </ClInclude>
    <ClInclude Include="src\ThirdParty\HttpRequest.hpp">
      <Filter>Header Files\ThirdParty</Filter>
    </ClInclude>
    <ClInclude Include="src\ThirdParty\WebSockets.hpp">
      <Filter>Header Files\ThirdParty</Filter>
    </ClInclude>
    <ClInclude Include="src\Utils\AntiSpeedHack.hpp">
      <Filter>Header Files\Utils</Filter>
    </ClInclude>
    <ClInclude Include="src\Utils\Assert.hpp">
      <Filter>Header Files\Utils</Filter>
    </ClInclude>
    <ClInclude Include="src\Utils\Bits.hpp">
      <Filter>Header Files\Utils</Filter>
    </ClInclude>
    <ClInclude Include="src\Utils\Cryptography.hpp">
      <Filter>Header Files\Utils</Filter>
    </ClInclude>
    <ClInclude Include="src\Utils\DebugLog.hpp">
      <Filter>Header Files\Utils</Filter>
    </ClInclude>
    <ClInclude Include="src\Utils\Macros.hpp">
      <Filter>Header Files\Utils</Filter>
    </ClInclude>
    <ClInclude Include="src\Utils\Singleton.hpp">
      <Filter>Header Files\Utils</Filter>
    </ClInclude>
    <ClInclude Include="src\Utils\String.hpp">
      <Filter>Header Files\Utils</Filter>
    </ClInclude>
    <ClInclude Include="src\Utils\Utils.hpp">
      <Filter>Header Files\Utils</Filter>
    </ClInclude>
    <ClInclude Include="src\Utils\VersionInfo.hpp">
      <Filter>Header Files\Utils</Filter>
    </ClInclude>
    <ClInclude Include="src\VoIP\MemberList.hpp">
      <Filter>Header Files\VoIP</Filter>
    </ClInclude>
    <ClInclude Include="src\VoIP\TeamspeakClient.hpp">
      <Filter>Header Files\VoIP</Filter>
    </ClInclude>
    <ClInclude Include="src\VoIP\TeamspeakServer.hpp">
      <Filter>Header Files\VoIP</Filter>
    </ClInclude>
    <ClInclude Include="src\Menu.hpp">
      <Filter>Header Files</Filter>
    </ClInclude>
    <ClInclude Include="src\Settings.hpp">
      <Filter>Header Files</Filter>
    </ClInclude>
    <ClInclude Include="src\CommandMap.hpp">
      <Filter>Header Files</Filter>
    </ClInclude>
    <ClInclude Include="src\ElDorito.hpp">
      <Filter>Header Files</Filter>
    </ClInclude>
    <ClInclude Include="src\ElModules.hpp">
      <Filter>Header Files</Filter>
    </ClInclude>
    <ClInclude Include="src\ElPatches.hpp">
      <Filter>Header Files</Filter>
    </ClInclude>
    <ClInclude Include="src\Patch.hpp">
      <Filter>Header Files</Filter>
    </ClInclude>
    <ClInclude Include="src\Pointer.hpp">
      <Filter>Header Files</Filter>
    </ClInclude>
    <ClInclude Include="src\resource.h">
      <Filter>Header Files</Filter>
    </ClInclude>
  </ItemGroup>
  <ItemGroup>
    <ResourceCompile Include="src\ElDorito.rc" />
    <ResourceCompile Include="src\ForgeSavingDialog.rc" />
  </ItemGroup>
  <ItemGroup>
    <Filter Include="Source Files\Blam">
      <UniqueIdentifier>{478537D1-7D4B-4E18-9B37-EC68D3CA4150}</UniqueIdentifier>
    </Filter>
    <Filter Include="Source Files\Console">
      <UniqueIdentifier>{DA6D6C6B-2B9D-4A6C-932F-51435B3669D8}</UniqueIdentifier>
    </Filter>
    <Filter Include="Source Files\Modules">
      <UniqueIdentifier>{4EE3509B-C292-46E5-AA4D-E71820CB06C6}</UniqueIdentifier>
    </Filter>
    <Filter Include="Source Files\Patches">
      <UniqueIdentifier>{E156CBD7-716C-40EC-A117-81739A0B4A5D}</UniqueIdentifier>
    </Filter>
    <Filter Include="Source Files\Server">
      <UniqueIdentifier>{DAA078DA-9C91-4554-A5AE-DAB39DB8EAAE}</UniqueIdentifier>
    </Filter>
    <Filter Include="Source Files\ThirdParty">
      <UniqueIdentifier>{772C7277-10A6-478A-A557-59EF15F15119}</UniqueIdentifier>
    </Filter>
    <Filter Include="Source Files\Utils">
      <UniqueIdentifier>{6EEE44BB-54C7-4D55-B89C-0DF9549EB42F}</UniqueIdentifier>
    </Filter>
    <Filter Include="Source Files\VoIP">
      <UniqueIdentifier>{3FCEBA79-A5FC-45B1-85CD-C2D49E2FF6C8}</UniqueIdentifier>
    </Filter>
    <Filter Include="Header Files\Blam">
      <UniqueIdentifier>{5EAE3DD4-8A6A-4063-A190-3A99B752AB3A}</UniqueIdentifier>
    </Filter>
    <Filter Include="Header Files\Console">
      <UniqueIdentifier>{BD0E376D-5411-408E-BC3E-A3C78DAA3AB2}</UniqueIdentifier>
    </Filter>
    <Filter Include="Header Files\Modules">
      <UniqueIdentifier>{20F8DAF9-B367-49F7-A7C7-7CA4AB34469A}</UniqueIdentifier>
    </Filter>
    <Filter Include="Header Files\Patches">
      <UniqueIdentifier>{2AE8A5F1-F9CC-4F48-A008-9BAF10667C69}</UniqueIdentifier>
    </Filter>
    <Filter Include="Header Files\Server">
      <UniqueIdentifier>{B91F2D98-1333-4C5F-9FA1-64E7C37583C6}</UniqueIdentifier>
    </Filter>
    <Filter Include="Header Files\ThirdParty">
      <UniqueIdentifier>{11C9DC2E-2588-4138-B3B0-061F93A21699}</UniqueIdentifier>
    </Filter>
    <Filter Include="Header Files\Utils">
      <UniqueIdentifier>{67A3A881-BD31-46AD-A431-51787CBCB3C7}</UniqueIdentifier>
    </Filter>
    <Filter Include="Header Files\VoIP">
      <UniqueIdentifier>{88DDB73A-333E-4AD6-9101-3EFD558BAC0B}</UniqueIdentifier>
    </Filter>
    <Filter Include="Source Files">
      <UniqueIdentifier>{8768D8CB-5DC5-4307-B452-B86A1E3109A7}</UniqueIdentifier>
    </Filter>
    <Filter Include="Header Files">
      <UniqueIdentifier>{C77A373C-6414-4881-93B6-C28051B60E4A}</UniqueIdentifier>
    </Filter>
    <Filter Include="Header Files\Blam\Tags">
      <UniqueIdentifier>{E738893C-A7BC-45AC-B469-700A31E0E675}</UniqueIdentifier>
    </Filter>
  </ItemGroup>
</Project>